
Microsoft Visual Studio Solution File, Format Version 12.00
# Visual Studio Version 17
VisualStudioVersion = 17.1.32210.238
MinimumVisualStudioVersion = 10.0.40219.1
Project("{9A19103F-16F7-4668-BE54-9A1E7A4F7556}") = "bank", "bank\bank.csproj", "{5AD6CC31-A801-4AD1-A684-433319C98693}"
EndProject
Project("{9A19103F-16F7-4668-BE54-9A1E7A4F7556}") = "bModel", "bModel\bModel.csproj", "{892E37C2-B385-4BB1-B7BF-FA628280C099}"
EndProject
Project("{FAE04EC0-301F-11D3-BF4B-00C04F79EFBC}") = "bBehavior", "bBehavior\bBehavior.csproj", "{BBA64700-F13C-4E62-8F42-7077D400D19E}"
EndProject
Global
	GlobalSection(SolutionConfigurationPlatforms) = preSolution
		Debug|Any CPU = Debug|Any CPU
		Release|Any CPU = Release|Any CPU
	EndGlobalSection
	GlobalSection(ProjectConfigurationPlatforms) = postSolution
		{5AD6CC31-A801-4AD1-A684-433319C98693}.Debug|Any CPU.ActiveCfg = Debug|Any CPU
		{5AD6CC31-A801-4AD1-A684-433319C98693}.Debug|Any CPU.Build.0 = Debug|Any CPU
		{5AD6CC31-A801-4AD1-A684-433319C98693}.Release|Any CPU.ActiveCfg = Release|Any CPU
		{5AD6CC31-A801-4AD1-A684-433319C98693}.Release|Any CPU.Build.0 = Release|Any CPU
		{892E37C2-B385-4BB1-B7BF-FA628280C099}.Debug|Any CPU.ActiveCfg = Debug|Any CPU
		{892E37C2-B385-4BB1-B7BF-FA628280C099}.Debug|Any CPU.Build.0 = Debug|Any CPU
		{892E37C2-B385-4BB1-B7BF-FA628280C099}.Release|Any CPU.ActiveCfg = Release|Any CPU
		{892E37C2-B385-4BB1-B7BF-FA628280C099}.Release|Any CPU.Build.0 = Release|Any CPU
		{BBA64700-F13C-4E62-8F42-7077D400D19E}.Debug|Any CPU.ActiveCfg = Debug|Any CPU
		{BBA64700-F13C-4E62-8F42-7077D400D19E}.Debug|Any CPU.Build.0 = Debug|Any CPU
		{BBA64700-F13C-4E62-8F42-7077D400D19E}.Release|Any CPU.ActiveCfg = Release|Any CPU
		{BBA64700-F13C-4E62-8F42-7077D400D19E}.Release|Any CPU.Build.0 = Release|Any CPU
	EndGlobalSection
	GlobalSection(SolutionProperties) = preSolution
		HideSolutionNode = FALSE
	EndGlobalSection
	GlobalSection(ExtensibilityGlobals) = postSolution
		SolutionGuid = {39C243F2-B9BA-43A3-BDBF-A7653FC33F9E}
	EndGlobalSection
EndGlobal
